{
  "version": "5",
  "specifiers": {
    "jsr:@db/sqlite@0.12": "0.12.0",
    "jsr:@denosaurs/plug@1": "1.1.0",
    "jsr:@hono/hono@4": "4.11.7",
    "jsr:@std/assert@0.217": "0.217.0",
    "jsr:@std/encoding@1": "1.0.10",
    "jsr:@std/fmt@1": "1.0.8",
    "jsr:@std/fs@1": "1.0.19",
    "jsr:@std/internal@^1.0.10": "1.0.12",
    "jsr:@std/internal@^1.0.9": "1.0.12",
    "jsr:@std/path@0.217": "0.217.0",
    "jsr:@std/path@1": "1.1.2",
    "jsr:@std/path@^1.1.1": "1.1.2",
    "npm:@simplewebauthn/server@11": "11.0.0"
  },
  "jsr": {
    "@db/sqlite@0.12.0": {
      "integrity": "dd1ef7f621ad50fc1e073a1c3609c4470bd51edc0994139c5bf9851de7a6d85f",
      "dependencies": [
        "jsr:@denosaurs/plug",
        "jsr:@std/path@0.217"
      ]
    },
    "@denosaurs/plug@1.1.0": {
      "integrity": "eb2f0b7546c7bca2000d8b0282c54d50d91cf6d75cb26a80df25a6de8c4bc044",
      "dependencies": [
        "jsr:@std/encoding",
        "jsr:@std/fmt",
        "jsr:@std/fs",
        "jsr:@std/path@1"
      ]
    },
    "@hono/hono@4.11.7": {
      "integrity": "2a0dc00088fbef98b76f575e3c4ab3d2c770d5e6095be215ae05c2aef25b363a"
    },
    "@std/assert@0.217.0": {
      "integrity": "c98e279362ca6982d5285c3b89517b757c1e3477ee9f14eb2fdf80a45aaa9642"
    },
    "@std/encoding@1.0.10": {
      "integrity": "8783c6384a2d13abd5e9e87a7ae0520a30e9f56aeeaa3bdf910a3eaaf5c811a1"
    },
    "@std/fmt@1.0.8": {
      "integrity": "71e1fc498787e4434d213647a6e43e794af4fd393ef8f52062246e06f7e372b7"
    },
    "@std/fs@1.0.19": {
      "integrity": "051968c2b1eae4d2ea9f79a08a3845740ef6af10356aff43d3e2ef11ed09fb06",
      "dependencies": [
        "jsr:@std/internal@^1.0.9",
        "jsr:@std/path@^1.1.1"
      ]
    },
    "@std/internal@1.0.12": {
      "integrity": "972a634fd5bc34b242024402972cd5143eac68d8dffaca5eaa4dba30ce17b027"
    },
    "@std/path@0.217.0": {
      "integrity": "1217cc25534bca9a2f672d7fe7c6f356e4027df400c0e85c0ef3e4343bc67d11",
      "dependencies": [
        "jsr:@std/assert"
      ]
    },
    "@std/path@1.1.2": {
      "integrity": "c0b13b97dfe06546d5e16bf3966b1cadf92e1cc83e56ba5476ad8b498d9e3038",
      "dependencies": [
        "jsr:@std/internal@^1.0.10"
      ]
    }
  },
  "npm": {
    "@hexagon/base64@1.1.28": {
      "integrity": "sha512-lhqDEAvWixy3bZ+UOYbPwUbBkwBq5C1LAJ/xPC8Oi+lL54oyakv/npbA0aU2hgCsx/1NUd4IBvV03+aUBWxerw=="
    },
    "@levischuck/tiny-cbor@0.2.11": {
      "integrity": "sha512-llBRm4dT4Z89aRsm6u2oEZ8tfwL/2l6BwpZ7JcyieouniDECM5AqNgr/y08zalEIvW3RSK4upYyybDcmjXqAow=="
    },
    "@peculiar/asn1-android@2.6.0": {
      "integrity": "sha512-cBRCKtYPF7vJGN76/yG8VbxRcHLPF3HnkoHhKOZeHpoVtbMYfY9ROKtH3DtYUY9m8uI1Mh47PRhHf2hSK3xcSQ==",
      "dependencies": [
        "@peculiar/asn1-schema",
        "asn1js",
        "tslib"
      ]
    },
    "@peculiar/asn1-ecc@2.6.0": {
      "integrity": "sha512-FF3LMGq6SfAOwUG2sKpPXblibn6XnEIKa+SryvUl5Pik+WR9rmRA3OCiwz8R3lVXnYnyRkSZsSLdml8H3UiOcw==",
      "dependencies": [
        "@peculiar/asn1-schema",
        "@peculiar/asn1-x509",
        "asn1js",
        "tslib"
      ]
    },
    "@peculiar/asn1-rsa@2.6.0": {
      "integrity": "sha512-Nu4C19tsrTsCp9fDrH+sdcOKoVfdfoQQ7S3VqjJU6vedR7tY3RLkQ5oguOIB3zFW33USDUuYZnPEQYySlgha4w==",
      "dependencies": [
        "@peculiar/asn1-schema",
        "@peculiar/asn1-x509",
        "asn1js",
        "tslib"
      ]
    },
    "@peculiar/asn1-schema@2.6.0": {
      "integrity": "sha512-xNLYLBFTBKkCzEZIw842BxytQQATQv+lDTCEMZ8C196iJcJJMBUZxrhSTxLaohMyKK8QlzRNTRkUmanucnDSqg==",
      "dependencies": [
        "asn1js",
        "pvtsutils",
        "tslib"
      ]
    },
    "@peculiar/asn1-x509@2.6.0": {
      "integrity": "sha512-uzYbPEpoQiBoTq0/+jZtpM6Gq6zADBx+JNFP3yqRgziWBxQ/Dt/HcuvRfm9zJTPdRcBqPNdaRHTVwpyiq6iNMA==",
      "dependencies": [
        "@peculiar/asn1-schema",
        "asn1js",
        "pvtsutils",
        "tslib"
      ]
    },
    "@simplewebauthn/server@11.0.0": {
      "integrity": "sha512-zu8dxKcPiRUNSN2kmrnNOzNbRI8VaR/rL4ENCHUfC6PEE7SAAdIql9g5GBOd/wOVZolIsaZz3ccFxuGoVP0iaw==",
      "dependencies": [
        "@hexagon/base64",
        "@levischuck/tiny-cbor",
        "@peculiar/asn1-android",
        "@peculiar/asn1-ecc",
        "@peculiar/asn1-rsa",
        "@peculiar/asn1-schema",
        "@peculiar/asn1-x509",
        "@simplewebauthn/types",
        "cross-fetch"
      ]
    },
    "@simplewebauthn/types@11.0.0": {
      "integrity": "sha512-b2o0wC5u2rWts31dTgBkAtSNKGX0cvL6h8QedNsKmj8O4QoLFQFR3DBVBUlpyVEhYKA+mXGUaXbcOc4JdQ3HzA==",
      "deprecated": true
    },
    "asn1js@3.0.7": {
      "integrity": "sha512-uLvq6KJu04qoQM6gvBfKFjlh6Gl0vOKQuR5cJMDHQkmwfMOQeN3F3SHCv9SNYSL+CRoHvOGFfllDlVz03GQjvQ==",
      "dependencies": [
        "pvtsutils",
        "pvutils",
        "tslib"
      ]
    },
    "cross-fetch@4.1.0": {
      "integrity": "sha512-uKm5PU+MHTootlWEY+mZ4vvXoCn4fLQxT9dSc1sXVMSFkINTJVN8cAQROpwcKm8bJ/c7rgZVIBWzH5T78sNZZw==",
      "dependencies": [
        "node-fetch"
      ]
    },
    "node-fetch@2.7.0": {
      "integrity": "sha512-c4FRfUm/dbcWZ7U+1Wq0AwCyFL+3nt2bEw05wfxSz+DWpWsitgmSgYmy2dQdWyKC1694ELPqMs/YzUSNozLt8A==",
      "dependencies": [
        "whatwg-url"
      ]
    },
    "pvtsutils@1.3.6": {
      "integrity": "sha512-PLgQXQ6H2FWCaeRak8vvk1GW462lMxB5s3Jm673N82zI4vqtVUPuZdffdZbPDFRoU8kAhItWFtPCWiPpp4/EDg==",
      "dependencies": [
        "tslib"
      ]
    },
    "pvutils@1.1.5": {
      "integrity": "sha512-KTqnxsgGiQ6ZAzZCVlJH5eOjSnvlyEgx1m8bkRJfOhmGRqfo5KLvmAlACQkrjEtOQ4B7wF9TdSLIs9O90MX9xA=="
    },
    "tr46@0.0.3": {
      "integrity": "sha512-N3WMsuqV66lT30CrXNbEjx4GEwlow3v6rr4mCcv6prnfwhS01rkgyFdjPNBYd9br7LpXV1+Emh01fHnq2Gdgrw=="
    },
    "tslib@2.8.1": {
      "integrity": "sha512-oJFu94HQb+KVduSUQL7wnpmqnfmLsOA/nAh6b6EH0wCEoK0/mPeXU6c3wKDV83MkOuHPRHtSXKKU99IBazS/2w=="
    },
    "webidl-conversions@3.0.1": {
      "integrity": "sha512-2JAn3z8AR6rjK8Sm8orRC0h/bcl/DqL7tRPdGZ4I1CjdF+EaMLmYxBHyXuKL849eucPFhvBoxMsflfOb8kxaeQ=="
    },
    "whatwg-url@5.0.0": {
      "integrity": "sha512-saE57nupxk6v3HY35+jzBwYa0rKSy0XR8JSxZPwgLr7ys0IBzhGviA1/TUGJLmSVqs8pb9AnvICXEuOHLprYTw==",
      "dependencies": [
        "tr46",
        "webidl-conversions"
      ]
    }
  },
  "workspace": {
    "dependencies": [
      "jsr:@db/sqlite@0.12",
      "jsr:@hono/hono@4",
      "jsr:@std/crypto@1",
      "jsr:@std/encoding@1",
      "npm:@simplewebauthn/server@11"
    ]
  }
}
